// !$*UTF8*$!
{
	archiveVersion = 1;
	classes = {
	};
	objectVersion = 48;
	objects = {

/* Begin PBXBuildFile section */
		0F2549C4A4B6936180AABBFE /* Pods_Almofire_Exp.framework in Frameworks */ = {isa = PBXBuildFile; fileRef = 019136B7AB7BA4B6A58CA5D1 /* Pods_Almofire_Exp.framework */; };
		5EC9262230AF6A07B54041F2 /* Pods_Almofire_ExpTests.framework in Frameworks */ = {isa = PBXBuildFile; fileRef = 40DD369877F78EE04FC00F6B /* Pods_Almofire_ExpTests.framework */; };
		8F8D037F20BBEE9900D37FE4 /* AppDelegate.swift in Sources */ = {isa = PBXBuildFile; fileRef = 8F8D037E20BBEE9900D37FE4 /* AppDelegate.swift */; };
		8F8D038120BBEE9900D37FE4 /* ViewController.swift in Sources */ = {isa = PBXBuildFile; fileRef = 8F8D038020BBEE9900D37FE4 /* ViewController.swift */; };
		8F8D038420BBEE9900D37FE4 /* Main.storyboard in Resources */ = {isa = PBXBuildFile; fileRef = 8F8D038220BBEE9900D37FE4 /* Main.storyboard */; };
		8F8D038620BBEE9900D37FE4 /* Assets.xcassets in Resources */ = {isa = PBXBuildFile; fileRef = 8F8D038520BBEE9900D37FE4 /* Assets.xcassets */; };
		8F8D038920BBEE9900D37FE4 /* LaunchScreen.storyboard in Resources */ = {isa = PBXBuildFile; fileRef = 8F8D038720BBEE9900D37FE4 /* LaunchScreen.storyboard */; };
		8F8D039420BBEE9900D37FE4 /* Almofire_ExpTests.swift in Sources */ = {isa = PBXBuildFile; fileRef = 8F8D039320BBEE9900D37FE4 /* Almofire_ExpTests.swift */; };
		8F8D03A120BC3D5000D37FE4 /* APIRouter.swift in Sources */ = {isa = PBXBuildFile; fileRef = 8F8D03A020BC3D5000D37FE4 /* APIRouter.swift */; };
		8F8D03A320BC457B00D37FE4 /* Constants.swift in Sources */ = {isa = PBXBuildFile; fileRef = 8F8D03A220BC457B00D37FE4 /* Constants.swift */; };
		8F8D03A520BC4AA900D37FE4 /* APIConfiguration.swift in Sources */ = {isa = PBXBuildFile; fileRef = 8F8D03A420BC4AA900D37FE4 /* APIConfiguration.swift */; };
		8F8D03A820BC4BB100D37FE4 /* Post.swift in Sources */ = {isa = PBXBuildFile; fileRef = 8F8D03A720BC4BB100D37FE4 /* Post.swift */; };
		8F8D03AA20BC4BBE00D37FE4 /* Comment.swift in Sources */ = {isa = PBXBuildFile; fileRef = 8F8D03A920BC4BBE00D37FE4 /* Comment.swift */; };
		8F8D03AC20BC4CD200D37FE4 /* APIClient.swift in Sources */ = {isa = PBXBuildFile; fileRef = 8F8D03AB20BC4CD200D37FE4 /* APIClient.swift */; };
		8FCE2A4D20BC916B00F85CAC /* PostTableViewCell.swift in Sources */ = {isa = PBXBuildFile; fileRef = 8FCE2A4C20BC916B00F85CAC /* PostTableViewCell.swift */; };
		8FCE2A5220BC9AC800F85CAC /* CommentViewController.swift in Sources */ = {isa = PBXBuildFile; fileRef = 8FCE2A5120BC9AC800F85CAC /* CommentViewController.swift */; };
		8FCE2A5420BC9D6400F85CAC /* CommentTableViewCell.swift in Sources */ = {isa = PBXBuildFile; fileRef = 8FCE2A5320BC9D6400F85CAC /* CommentTableViewCell.swift */; };
/* End PBXBuildFile section */

/* Begin PBXContainerItemProxy section */
		8F8D039020BBEE9900D37FE4 /* PBXContainerItemProxy */ = {
			isa = PBXContainerItemProxy;
			containerPortal = 8F8D037320BBEE9900D37FE4 /* Project object */;
			proxyType = 1;
			remoteGlobalIDString = 8F8D037A20BBEE9900D37FE4;
			remoteInfo = "Almofire-Exp";
		};
/* End PBXContainerItemProxy section */

/* Begin PBXFileReference section */
		019136B7AB7BA4B6A58CA5D1 /* Pods_Almofire_Exp.framework */ = {isa = PBXFileReference; explicitFileType = wrapper.framework; includeInIndex = 0; path = Pods_Almofire_Exp.framework; sourceTree = BUILT_PRODUCTS_DIR; };
		09B3C1FEBCC6ADF31129DFBD /* Pods-Almofire-ExpTests.release.xcconfig */ = {isa = PBXFileReference; includeInIndex = 1; lastKnownFileType = text.xcconfig; name = "Pods-Almofire-ExpTests.release.xcconfig"; path = "Pods/Target Support Files/Pods-Almofire-ExpTests/Pods-Almofire-ExpTests.release.xcconfig"; sourceTree = "<group>"; };
		2C835A2318552F10DEEB702F /* Pods-Almofire-Exp.release.xcconfig */ = {isa = PBXFileReference; includeInIndex = 1; lastKnownFileType = text.xcconfig; name = "Pods-Almofire-Exp.release.xcconfig"; path = "Pods/Target Support Files/Pods-Almofire-Exp/Pods-Almofire-Exp.release.xcconfig"; sourceTree = "<group>"; };
		40DD369877F78EE04FC00F6B /* Pods_Almofire_ExpTests.framework */ = {isa = PBXFileReference; explicitFileType = wrapper.framework; includeInIndex = 0; path = Pods_Almofire_ExpTests.framework; sourceTree = BUILT_PRODUCTS_DIR; };
		87572F4B0EAB38FA9C531F9F /* Pods-Almofire-ExpTests.debug.xcconfig */ = {isa = PBXFileReference; includeInIndex = 1; lastKnownFileType = text.xcconfig; name = "Pods-Almofire-ExpTests.debug.xcconfig"; path = "Pods/Target Support Files/Pods-Almofire-ExpTests/Pods-Almofire-ExpTests.debug.xcconfig"; sourceTree = "<group>"; };
		8F8D037B20BBEE9900D37FE4 /* Almofire-Exp.app */ = {isa = PBXFileReference; explicitFileType = wrapper.application; includeInIndex = 0; path = "Almofire-Exp.app"; sourceTree = BUILT_PRODUCTS_DIR; };
		8F8D037E20BBEE9900D37FE4 /* AppDelegate.swift */ = {isa = PBXFileReference; lastKnownFileType = sourcecode.swift; path = AppDelegate.swift; sourceTree = "<group>"; };
		8F8D038020BBEE9900D37FE4 /* ViewController.swift */ = {isa = PBXFileReference; lastKnownFileType = sourcecode.swift; path = ViewController.swift; sourceTree = "<group>"; };
		8F8D038320BBEE9900D37FE4 /* Base */ = {isa = PBXFileReference; lastKnownFileType = file.storyboard; name = Base; path = Base.lproj/Main.storyboard; sourceTree = "<group>"; };
		8F8D038520BBEE9900D37FE4 /* Assets.xcassets */ = {isa = PBXFileReference; lastKnownFileType = folder.assetcatalog; path = Assets.xcassets; sourceTree = "<group>"; };
		8F8D038820BBEE9900D37FE4 /* Base */ = {isa = PBXFileReference; lastKnownFileType = file.storyboard; name = Base; path = Base.lproj/LaunchScreen.storyboard; sourceTree = "<group>"; };
		8F8D038A20BBEE9900D37FE4 /* Info.plist */ = {isa = PBXFileReference; lastKnownFileType = text.plist.xml; path = Info.plist; sourceTree = "<group>"; };
		8F8D038F20BBEE9900D37FE4 /* Almofire-ExpTests.xctest */ = {isa = PBXFileReference; explicitFileType = wrapper.cfbundle; includeInIndex = 0; path = "Almofire-ExpTests.xctest"; sourceTree = BUILT_PRODUCTS_DIR; };
		8F8D039320BBEE9900D37FE4 /* Almofire_ExpTests.swift */ = {isa = PBXFileReference; lastKnownFileType = sourcecode.swift; path = Almofire_ExpTests.swift; sourceTree = "<group>"; };
		8F8D039520BBEE9900D37FE4 /* Info.plist */ = {isa = PBXFileReference; lastKnownFileType = text.plist.xml; path = Info.plist; sourceTree = "<group>"; };
		8F8D03A020BC3D5000D37FE4 /* APIRouter.swift */ = {isa = PBXFileReference; lastKnownFileType = sourcecode.swift; path = APIRouter.swift; sourceTree = "<group>"; };
		8F8D03A220BC457B00D37FE4 /* Constants.swift */ = {isa = PBXFileReference; lastKnownFileType = sourcecode.swift; path = Constants.swift; sourceTree = "<group>"; };
		8F8D03A420BC4AA900D37FE4 /* APIConfiguration.swift */ = {isa = PBXFileReference; lastKnownFileType = sourcecode.swift; path = APIConfiguration.swift; sourceTree = "<group>"; };
		8F8D03A720BC4BB100D37FE4 /* Post.swift */ = {isa = PBXFileReference; lastKnownFileType = sourcecode.swift; path = Post.swift; sourceTree = "<group>"; };
		8F8D03A920BC4BBE00D37FE4 /* Comment.swift */ = {isa = PBXFileReference; lastKnownFileType = sourcecode.swift; path = Comment.swift; sourceTree = "<group>"; };
		8F8D03AB20BC4CD200D37FE4 /* APIClient.swift */ = {isa = PBXFileReference; lastKnownFileType = sourcecode.swift; path = APIClient.swift; sourceTree = "<group>"; };
		8FCE2A4C20BC916B00F85CAC /* PostTableViewCell.swift */ = {isa = PBXFileReference; lastKnownFileType = sourcecode.swift; path = PostTableViewCell.swift; sourceTree = "<group>"; };
		8FCE2A5120BC9AC800F85CAC /* CommentViewController.swift */ = {isa = PBXFileReference; lastKnownFileType = sourcecode.swift; path = CommentViewController.swift; sourceTree = "<group>"; };
		8FCE2A5320BC9D6400F85CAC /* CommentTableViewCell.swift */ = {isa = PBXFileReference; lastKnownFileType = sourcecode.swift; path = CommentTableViewCell.swift; sourceTree = "<group>"; };
		C7FDD8FA42387231CCB5F7F8 /* Pods-Almofire-Exp.debug.xcconfig */ = {isa = PBXFileReference; includeInIndex = 1; lastKnownFileType = text.xcconfig; name = "Pods-Almofire-Exp.debug.xcconfig"; path = "Pods/Target Support Files/Pods-Almofire-Exp/Pods-Almofire-Exp.debug.xcconfig"; sourceTree = "<group>"; };
/* End PBXFileReference section */

/* Begin PBXFrameworksBuildPhase section */
		8F8D037820BBEE9900D37FE4 /* Frameworks */ = {
			isa = PBXFrameworksBuildPhase;
			buildActionMask = 2147483647;
			files = (
				0F2549C4A4B6936180AABBFE /* Pods_Almofire_Exp.framework in Frameworks */,
			);
			runOnlyForDeploymentPostprocessing = 0;
		};
		8F8D038C20BBEE9900D37FE4 /* Frameworks */ = {
			isa = PBXFrameworksBuildPhase;
			buildActionMask = 2147483647;
			files = (
				5EC9262230AF6A07B54041F2 /* Pods_Almofire_ExpTests.framework in Frameworks */,
			);
			runOnlyForDeploymentPostprocessing = 0;
		};
/* End PBXFrameworksBuildPhase section */

/* Begin PBXGroup section */
		8F8D037220BBEE9900D37FE4 = {
			isa = PBXGroup;
			children = (
				8F8D037D20BBEE9900D37FE4 /* Almofire-Exp */,
				8F8D039220BBEE9900D37FE4 /* Almofire-ExpTests */,
				8F8D037C20BBEE9900D37FE4 /* Products */,
				D8B56B4EF635A7B40CE361A5 /* Pods */,
				9C7CD0D6A139F815145AA354 /* Frameworks */,
			);
			sourceTree = "<group>";
		};
		8F8D037C20BBEE9900D37FE4 /* Products */ = {
			isa = PBXGroup;
			children = (
				8F8D037B20BBEE9900D37FE4 /* Almofire-Exp.app */,
				8F8D038F20BBEE9900D37FE4 /* Almofire-ExpTests.xctest */,
			);
			name = Products;
			sourceTree = "<group>";
		};
		8F8D037D20BBEE9900D37FE4 /* Almofire-Exp */ = {
			isa = PBXGroup;
			children = (
				8FCE2A4B20BC913D00F85CAC /* Scene */,
				8F8D039E20BC355800D37FE4 /* Core */,
				8F8D037E20BBEE9900D37FE4 /* AppDelegate.swift */,
				8F8D038220BBEE9900D37FE4 /* Main.storyboard */,
				8F8D038520BBEE9900D37FE4 /* Assets.xcassets */,
				8F8D038720BBEE9900D37FE4 /* LaunchScreen.storyboard */,
				8F8D038A20BBEE9900D37FE4 /* Info.plist */,
			);
			path = "Almofire-Exp";
			sourceTree = "<group>";
		};
		8F8D039220BBEE9900D37FE4 /* Almofire-ExpTests */ = {
			isa = PBXGroup;
			children = (
				8F8D039320BBEE9900D37FE4 /* Almofire_ExpTests.swift */,
				8F8D039520BBEE9900D37FE4 /* Info.plist */,
			);
			path = "Almofire-ExpTests";
			sourceTree = "<group>";
		};
		8F8D039E20BC355800D37FE4 /* Core */ = {
			isa = PBXGroup;
			children = (
				8F8D03A620BC4B8F00D37FE4 /* Model */,
				8F8D039F20BC356100D37FE4 /* Network */,
				8F8D03A220BC457B00D37FE4 /* Constants.swift */,
			);
			path = Core;
			sourceTree = "<group>";
		};
		8F8D039F20BC356100D37FE4 /* Network */ = {
			isa = PBXGroup;
			children = (
				8F8D03A020BC3D5000D37FE4 /* APIRouter.swift */,
				8F8D03A420BC4AA900D37FE4 /* APIConfiguration.swift */,
				8F8D03AB20BC4CD200D37FE4 /* APIClient.swift */,
			);
			path = Network;
			sourceTree = "<group>";
		};
		8F8D03A620BC4B8F00D37FE4 /* Model */ = {
			isa = PBXGroup;
			children = (
				8F8D03A720BC4BB100D37FE4 /* Post.swift */,
				8F8D03A920BC4BBE00D37FE4 /* Comment.swift */,
			);
			path = Model;
			sourceTree = "<group>";
		};
		8FCE2A4B20BC913D00F85CAC /* Scene */ = {
			isa = PBXGroup;
			children = (
				8FCE2A5020BC9AB000F85CAC /* Comment */,
				8FCE2A4E20BC9A9D00F85CAC /* Post */,
			);
			path = Scene;
			sourceTree = "<group>";
		};
		8FCE2A4E20BC9A9D00F85CAC /* Post */ = {
			isa = PBXGroup;
			children = (
				8F8D038020BBEE9900D37FE4 /* ViewController.swift */,
				8FCE2A4C20BC916B00F85CAC /* PostTableViewCell.swift */,
			);
			path = Post;
			sourceTree = "<group>";
		};
		8FCE2A5020BC9AB000F85CAC /* Comment */ = {
			isa = PBXGroup;
			children = (
				8FCE2A5120BC9AC800F85CAC /* CommentViewController.swift */,
				8FCE2A5320BC9D6400F85CAC /* CommentTableViewCell.swift */,
			);
			path = Comment;
			sourceTree = "<group>";
		};
		9C7CD0D6A139F815145AA354 /* Frameworks */ = {
			isa = PBXGroup;
			children = (
				019136B7AB7BA4B6A58CA5D1 /* Pods_Almofire_Exp.framework */,
				40DD369877F78EE04FC00F6B /* Pods_Almofire_ExpTests.framework */,
			);
			name = Frameworks;
			sourceTree = "<group>";
		};
		D8B56B4EF635A7B40CE361A5 /* Pods */ = {
			isa = PBXGroup;
			children = (
				C7FDD8FA42387231CCB5F7F8 /* Pods-Almofire-Exp.debug.xcconfig */,
				2C835A2318552F10DEEB702F /* Pods-Almofire-Exp.release.xcconfig */,
				87572F4B0EAB38FA9C531F9F /* Pods-Almofire-ExpTests.debug.xcconfig */,
				09B3C1FEBCC6ADF31129DFBD /* Pods-Almofire-ExpTests.release.xcconfig */,
			);
			name = Pods;
			sourceTree = "<group>";
		};
/* End PBXGroup section */

/* Begin PBXNativeTarget section */
		8F8D037A20BBEE9900D37FE4 /* Almofire-Exp */ = {
			isa = PBXNativeTarget;
			buildConfigurationList = 8F8D039820BBEE9900D37FE4 /* Build configuration list for PBXNativeTarget "Almofire-Exp" */;
			buildPhases = (
				8FA998420AB86BB5FE3018C2 /* [CP] Check Pods Manifest.lock */,
				8F8D037720BBEE9900D37FE4 /* Sources */,
				8F8D037820BBEE9900D37FE4 /* Frameworks */,
				8F8D037920BBEE9900D37FE4 /* Resources */,
				07AC9A2D4BF9D7DF56AD8400 /* [CP] Embed Pods Frameworks */,
			);
			buildRules = (
			);
			dependencies = (
			);
			name = "Almofire-Exp";
			productName = "Almofire-Exp";
			productReference = 8F8D037B20BBEE9900D37FE4 /* Almofire-Exp.app */;
			productType = "com.apple.product-type.application";
		};
		8F8D038E20BBEE9900D37FE4 /* Almofire-ExpTests */ = {
			isa = PBXNativeTarget;
			buildConfigurationList = 8F8D039B20BBEE9900D37FE4 /* Build configuration list for PBXNativeTarget "Almofire-ExpTests" */;
			buildPhases = (
				394A7D6C5021F7B24365C397 /* [CP] Check Pods Manifest.lock */,
				8F8D038B20BBEE9900D37FE4 /* Sources */,
				8F8D038C20BBEE9900D37FE4 /* Frameworks */,
				8F8D038D20BBEE9900D37FE4 /* Resources */,
			);
			buildRules = (
			);
			dependencies = (
				8F8D039120BBEE9900D37FE4 /* PBXTargetDependency */,
			);
			name = "Almofire-ExpTests";
			productName = "Almofire-ExpTests";
			productReference = 8F8D038F20BBEE9900D37FE4 /* Almofire-ExpTests.xctest */;
			productType = "com.apple.product-type.bundle.unit-test";
		};
/* End PBXNativeTarget section */

/* Begin PBXProject section */
		8F8D037320BBEE9900D37FE4 /* Project object */ = {
			isa = PBXProject;
			attributes = {
				LastSwiftUpdateCheck = 0920;
				LastUpgradeCheck = 0920;
				ORGANIZATIONNAME = Prashant;
				TargetAttributes = {
					8F8D037A20BBEE9900D37FE4 = {
						CreatedOnToolsVersion = 9.2;
						ProvisioningStyle = Automatic;
					};
					8F8D038E20BBEE9900D37FE4 = {
						CreatedOnToolsVersion = 9.2;
						ProvisioningStyle = Automatic;
						TestTargetID = 8F8D037A20BBEE9900D37FE4;
					};
				};
			};
			buildConfigurationList = 8F8D037620BBEE9900D37FE4 /* Build configuration list for PBXProject "Almofire-Exp" */;
			compatibilityVersion = "Xcode 8.0";
			developmentRegion = en;
			hasScannedForEncodings = 0;
			knownRegions = (
				en,
				Base,
			);
			mainGroup = 8F8D037220BBEE9900D37FE4;
			productRefGroup = 8F8D037C20BBEE9900D37FE4 /* Products */;
			projectDirPath = "";
			projectRoot = "";
			targets = (
				8F8D037A20BBEE9900D37FE4 /* Almofire-Exp */,
				8F8D038E20BBEE9900D37FE4 /* Almofire-ExpTests */,
			);
		};
/* End PBXProject section */

/* Begin PBXResourcesBuildPhase section */
		8F8D037920BBEE9900D37FE4 /* Resources */ = {
			isa = PBXResourcesBuildPhase;
			buildActionMask = 2147483647;
			files = (
				8F8D038920BBEE9900D37FE4 /* LaunchScreen.storyboard in Resources */,
				8F8D038620BBEE9900D37FE4 /* Assets.xcassets in Resources */,
				8F8D038420BBEE9900D37FE4 /* Main.storyboard in Resources */,
			);
			runOnlyForDeploymentPostprocessing = 0;
		};
		8F8D038D20BBEE9900D37FE4 /* Resources */ = {
			isa = PBXResourcesBuildPhase;
			buildActionMask = 2147483647;
			files = (
			);
			runOnlyForDeploymentPostprocessing = 0;
		};
/* End PBXResourcesBuildPhase section */

/* Begin PBXShellScriptBuildPhase section */
		07AC9A2D4BF9D7DF56AD8400 /* [CP] Embed Pods Frameworks */ = {
			isa = PBXShellScriptBuildPhase;
			buildActionMask = 2147483647;
			files = (
			);
			inputPaths = (
				"${SRCROOT}/Pods/Target Support Files/Pods-Almofire-Exp/Pods-Almofire-Exp-frameworks.sh",
				"${BUILT_PRODUCTS_DIR}/Alamofire/Alamofire.framework",
			);
			name = "[CP] Embed Pods Frameworks";
			outputPaths = (
				"${TARGET_BUILD_DIR}/${FRAMEWORKS_FOLDER_PATH}/Alamofire.framework",
			);
			runOnlyForDeploymentPostprocessing = 0;
			shellPath = /bin/sh;
			shellScript = "\"${SRCROOT}/Pods/Target Support Files/Pods-Almofire-Exp/Pods-Almofire-Exp-frameworks.sh\"\n";
			showEnvVarsInLog = 0;
		};
		394A7D6C5021F7B24365C397 /* [CP] Check Pods Manifest.lock */ = {
			isa = PBXShellScriptBuildPhase;
			buildActionMask = 2147483647;
			files = (
			);
			inputPaths = (
				"${PODS_PODFILE_DIR_PATH}/Podfile.lock",
				"${PODS_ROOT}/Manifest.lock",
			);
			name = "[CP] Check Pods Manifest.lock";
			outputPaths = (
				"$(DERIVED_FILE_DIR)/Pods-Almofire-ExpTests-checkManifestLockResult.txt",
			);
			runOnlyForDeploymentPostprocessing = 0;
			shellPath = /bin/sh;
			shellScript = "diff \"${PODS_PODFILE_DIR_PATH}/Podfile.lock\" \"${PODS_ROOT}/Manifest.lock\" > /dev/null\nif [ $? != 0 ] ; then\n    # print error to STDERR\n    echo \"error: The sandbox is not in sync with the Podfile.lock. Run 'pod install' or update your CocoaPods installation.\" >&2\n    exit 1\nfi\n# This output is used by Xcode 'outputs' to avoid re-running this script phase.\necho \"SUCCESS\" > \"${SCRIPT_OUTPUT_FILE_0}\"\n";
			showEnvVarsInLog = 0;
		};
		8FA998420AB86BB5FE3018C2 /* [CP] Check Pods Manifest.lock */ = {
			isa = PBXShellScriptBuildPhase;
			buildActionMask = 2147483647;
			files = (
			);
			inputPaths = (
				"${PODS_PODFILE_DIR_PATH}/Podfile.lock",
				"${PODS_ROOT}/Manifest.lock",
			);
			name = "[CP] Check Pods Manifest.lock";
			outputPaths = (
				"$(DERIVED_FILE_DIR)/Pods-Almofire-Exp-checkManifestLockResult.txt",
			);
			runOnlyForDeploymentPostprocessing = 0;
			shellPath = /bin/sh;
			shellScript = "diff \"${PODS_PODFILE_DIR_PATH}/Podfile.lock\" \"${PODS_ROOT}/Manifest.lock\" > /dev/null\nif [ $? != 0 ] ; then\n    # print error to STDERR\n    echo \"error: The sandbox is not in sync with the Podfile.lock. Run 'pod install' or update your CocoaPods installation.\" >&2\n    exit 1\nfi\n# This output is used by Xcode 'outputs' to avoid re-running this script phase.\necho \"SUCCESS\" > \"${SCRIPT_OUTPUT_FILE_0}\"\n";
			showEnvVarsInLog = 0;
		};
/* End PBXShellScriptBuildPhase section */

/* Begin PBXSourcesBuildPhase section */
		8F8D037720BBEE9900D37FE4 /* Sources */ = {
			isa = PBXSourcesBuildPhase;
			buildActionMask = 2147483647;
			files = (
				8FCE2A5420BC9D6400F85CAC /* CommentTableViewCell.swift in Sources */,
				8FCE2A5220BC9AC800F85CAC /* CommentViewController.swift in Sources */,
				8F8D038120BBEE9900D37FE4 /* ViewController.swift in Sources */,
				8F8D03A120BC3D5000D37FE4 /* APIRouter.swift in Sources */,
				8F8D03A520BC4AA900D37FE4 /* APIConfiguration.swift in Sources */,
				8F8D03AC20BC4CD200D37FE4 /* APIClient.swift in Sources */,
				8F8D03AA20BC4BBE00D37FE4 /* Comment.swift in Sources */,
				8F8D03A820BC4BB100D37FE4 /* Post.swift in Sources */,
				8F8D037F20BBEE9900D37FE4 /* AppDelegate.swift in Sources */,
				8F8D03A320BC457B00D37FE4 /* Constants.swift in Sources */,
				8FCE2A4D20BC916B00F85CAC /* PostTableViewCell.swift in Sources */,
			);
			runOnlyForDeploymentPostprocessing = 0;
		};
		8F8D038B20BBEE9900D37FE4 /* Sources */ = {
			isa = PBXSourcesBuildPhase;
			buildActionMask = 2147483647;
			files = (
				8F8D039420BBEE9900D37FE4 /* Almofire_ExpTests.swift in Sources */,
			);
			runOnlyForDeploymentPostprocessing = 0;
		};
/* End PBXSourcesBuildPhase section */

/* Begin PBXTargetDependency section */
		8F8D039120BBEE9900D37FE4 /* PBXTargetDependency */ = {
			isa = PBXTargetDependency;
			target = 8F8D037A20BBEE9900D37FE4 /* Almofire-Exp */;
			targetProxy = 8F8D039020BBEE9900D37FE4 /* PBXContainerItemProxy */;
		};
/* End PBXTargetDependency section */

/* Begin PBXVariantGroup section */
		8F8D038220BBEE9900D37FE4 /* Main.storyboard */ = {
			isa = PBXVariantGroup;
			children = (
				8F8D038320BBEE9900D37FE4 /* Base */,
			);
			name = Main.storyboard;
			sourceTree = "<group>";
		};
		8F8D038720BBEE9900D37FE4 /* LaunchScreen.storyboard */ = {
			isa = PBXVariantGroup;
			children = (
				8F8D038820BBEE9900D37FE4 /* Base */,
			);
			name = LaunchScreen.storyboard;
			sourceTree = "<group>";
		};
/* End PBXVariantGroup section */

/* Begin XCBuildConfiguration section */
		8F8D039620BBEE9900D37FE4 /* Debug */ = {
			isa = XCBuildConfiguration;
			buildSettings = {
				ALWAYS_SEARCH_USER_PATHS = NO;
				CLANG_ANALYZER_NONNULL = YES;
				CLANG_ANALYZER_NUMBER_OBJECT_CONVERSION = YES_AGGRESSIVE;
				CLANG_CXX_LANGUAGE_STANDARD = "gnu++14";
				CLANG_CXX_LIBRARY = "libc++";
				CLANG_ENABLE_MODULES = YES;
				CLANG_ENABLE_OBJC_ARC = YES;
				CLANG_WARN_BLOCK_CAPTURE_AUTORELEASING = YES;
				CLANG_WARN_BOOL_CONVERSION = YES;
				CLANG_WARN_COMMA = YES;
				CLANG_WARN_CONSTANT_CONVERSION = YES;
				CLANG_WARN_DIRECT_OBJC_ISA_USAGE = YES_ERROR;
				CLANG_WARN_DOCUMENTATION_COMMENTS = YES;
				CLANG_WARN_EMPTY_BODY = YES;
				CLANG_WARN_ENUM_CONVERSION = YES;
				CLANG_WARN_INFINITE_RECURSION = YES;
				CLANG_WARN_INT_CONVERSION = YES;
				CLANG_WARN_NON_LITERAL_NULL_CONVERSION = YES;
				CLANG_WARN_OBJC_LITERAL_CONVERSION = YES;
				CLANG_WARN_OBJC_ROOT_CLASS = YES_ERROR;
				CLANG_WARN_RANGE_LOOP_ANALYSIS = YES;
				CLANG_WARN_STRICT_PROTOTYPES = YES;
				CLANG_WARN_SUSPICIOUS_MOVE = YES;
				CLANG_WARN_UNGUARDED_AVAILABILITY = YES_AGGRESSIVE;
				CLANG_WARN_UNREACHABLE_CODE = YES;
				CLANG_WARN__DUPLICATE_METHOD_MATCH = YES;
				CODE_SIGN_IDENTITY = "iPhone Developer";
				COPY_PHASE_STRIP = NO;
				DEBUG_INFORMATION_FORMAT = dwarf;
				ENABLE_STRICT_OBJC_MSGSEND = YES;
				ENABLE_TESTABILITY = YES;
				GCC_C_LANGUAGE_STANDARD = gnu11;
				GCC_DYNAMIC_NO_PIC = NO;
				GCC_NO_COMMON_BLOCKS = YES;
				GCC_OPTIMIZATION_LEVEL = 0;
				GCC_PREPROCESSOR_DEFINITIONS = (
					"DEBUG=1",
					"$(inherited)",
				);
				GCC_WARN_64_TO_32_BIT_CONVERSION = YES;
				GCC_WARN_ABOUT_RETURN_TYPE = YES_ERROR;
				GCC_WARN_UNDECLARED_SELECTOR = YES;
				GCC_WARN_UNINITIALIZED_AUTOS = YES_AGGRESSIVE;
				GCC_WARN_UNUSED_FUNCTION = YES;
				GCC_WARN_UNUSED_VARIABLE = YES;
				IPHONEOS_DEPLOYMENT_TARGET = 11.2;
				MTL_ENABLE_DEBUG_INFO = YES;
				ONLY_ACTIVE_ARCH = YES;
				SDKROOT = iphoneos;
				SWIFT_ACTIVE_COMPILATION_CONDITIONS = DEBUG;
				SWIFT_OPTIMIZATION_LEVEL = "-Onone";
			};
			name = Debug;
		};
		8F8D039720BBEE9900D37FE4 /* Release */ = {
			isa = XCBuildConfiguration;
			buildSettings = {
				ALWAYS_SEARCH_USER_PATHS = NO;
				CLANG_ANALYZER_NONNULL = YES;
				CLANG_ANALYZER_NUMBER_OBJECT_CONVERSION = YES_AGGRESSIVE;
				CLANG_CXX_LANGUAGE_STANDARD = "gnu++14";
				CLANG_CXX_LIBRARY = "libc++";
				CLANG_ENABLE_MODULES = YES;
				CLANG_ENABLE_OBJC_ARC = YES;
				CLANG_WARN_BLOCK_CAPTURE_AUTORELEASING = YES;
				CLANG_WARN_BOOL_CONVERSION = YES;
				CLANG_WARN_COMMA = YES;
				CLANG_WARN_CONSTANT_CONVERSION = YES;
				CLANG_WARN_DIRECT_OBJC_ISA_USAGE = YES_ERROR;
				CLANG_WARN_DOCUMENTATION_COMMENTS = YES;
				CLANG_WARN_EMPTY_BODY = YES;
				CLANG_WARN_ENUM_CONVERSION = YES;
				CLANG_WARN_INFINITE_RECURSION = YES;
				CLANG_WARN_INT_CONVERSION = YES;
				CLANG_WARN_NON_LITERAL_NULL_CONVERSION = YES;
				CLANG_WARN_OBJC_LITERAL_CONVERSION = YES;
				CLANG_WARN_OBJC_ROOT_CLASS = YES_ERROR;
				CLANG_WARN_RANGE_LOOP_ANALYSIS = YES;
				CLANG_WARN_STRICT_PROTOTYPES = YES;
				CLANG_WARN_SUSPICIOUS_MOVE = YES;
				CLANG_WARN_UNGUARDED_AVAILABILITY = YES_AGGRESSIVE;
				CLANG_WARN_UNREACHABLE_CODE = YES;
				CLANG_WARN__DUPLICATE_METHOD_MATCH = YES;
				CODE_SIGN_IDENTITY = "iPhone Developer";
				COPY_PHASE_STRIP = NO;
				DEBUG_INFORMATION_FORMAT = "dwarf-with-dsym";
				ENABLE_NS_ASSERTIONS = NO;
				ENABLE_STRICT_OBJC_MSGSEND = YES;
				GCC_C_LANGUAGE_STANDARD = gnu11;
				GCC_NO_COMMON_BLOCKS = YES;
				GCC_WARN_64_TO_32_BIT_CONVERSION = YES;
				GCC_WARN_ABOUT_RETURN_TYPE = YES_ERROR;
				GCC_WARN_UNDECLARED_SELECTOR = YES;
				GCC_WARN_UNINITIALIZED_AUTOS = YES_AGGRESSIVE;
				GCC_WARN_UNUSED_FUNCTION = YES;
				GCC_WARN_UNUSED_VARIABLE = YES;
				IPHONEOS_DEPLOYMENT_TARGET = 11.2;
				MTL_ENABLE_DEBUG_INFO = NO;
				SDKROOT = iphoneos;
				SWIFT_OPTIMIZATION_LEVEL = "-Owholemodule";
				VALIDATE_PRODUCT = YES;
			};
			name = Release;
		};
		8F8D039920BBEE9900D37FE4 /* Debug */ = {
			isa = XCBuildConfiguration;
			baseConfigurationReference = C7FDD8FA42387231CCB5F7F8 /* Pods-Almofire-Exp.debug.xcconfig */;
			buildSettings = {
				ASSETCATALOG_COMPILER_APPICON_NAME = AppIcon;
				CODE_SIGN_STYLE = Automatic;
				INFOPLIST_FILE = "Almofire-Exp/Info.plist";
				LD_RUNPATH_SEARCH_PATHS = "$(inherited) @executable_path/Frameworks";
				PRODUCT_BUNDLE_IDENTIFIER = "com.pk.Almofire-Exp";
				PRODUCT_NAME = "$(TARGET_NAME)";
				SWIFT_VERSION = 4.0;
				TARGETED_DEVICE_FAMILY = "1,2";
			};
			name = Debug;
		};
		8F8D039A20BBEE9900D37FE4 /* Release */ = {
			isa = XCBuildConfiguration;
			baseConfigurationReference = 2C835A2318552F10DEEB702F /* Pods-Almofire-Exp.release.xcconfig */;
			buildSettings = {
				ASSETCATALOG_COMPILER_APPICON_NAME = AppIcon;
				CODE_SIGN_STYLE = Automatic;
				INFOPLIST_FILE = "Almofire-Exp/Info.plist";
				LD_RUNPATH_SEARCH_PATHS = "$(inherited) @executable_path/Frameworks";
				PRODUCT_BUNDLE_IDENTIFIER = "com.pk.Almofire-Exp";
				PRODUCT_NAME = "$(TARGET_NAME)";
				SWIFT_VERSION = 4.0;
				TARGETED_DEVICE_FAMILY = "1,2";
			};
			name = Release;
		};
		8F8D039C20BBEE9900D37FE4 /* Debug */ = {
			isa = XCBuildConfiguration;
			baseConfigurationReference = 87572F4B0EAB38FA9C531F9F /* Pods-Almofire-ExpTests.debug.xcconfig */;
			buildSettings = {
				ALWAYS_EMBED_SWIFT_STANDARD_LIBRARIES = YES;
				BUNDLE_LOADER = "$(TEST_HOST)";
				CODE_SIGN_STYLE = Automatic;
				INFOPLIST_FILE = "Almofire-ExpTests/Info.plist";
				LD_RUNPATH_SEARCH_PATHS = "$(inherited) @executable_path/Frameworks @loader_path/Frameworks";
				PRODUCT_BUNDLE_IDENTIFIER = "com.pk.Almofire-ExpTests";
				PRODUCT_NAME = "$(TARGET_NAME)";
				SWIFT_VERSION = 4.0;
				TARGETED_DEVICE_FAMILY = "1,2";
				TEST_HOST = "$(BUILT_PRODUCTS_DIR)/Almofire-Exp.app/Almofire-Exp";
			};
			name = Debug;
		};
		8F8D039D20BBEE9900D37FE4 /* Release */ = {
			isa = XCBuildConfiguration;
			baseConfigurationReference = 09B3C1FEBCC6ADF31129DFBD /* Pods-Almofire-ExpTests.release.xcconfig */;
			buildSettings = {
				ALWAYS_EMBED_SWIFT_STANDARD_LIBRARIES = YES;
				BUNDLE_LOADER = "$(TEST_HOST)";
				CODE_SIGN_STYLE = Automatic;
				INFOPLIST_FILE = "Almofire-ExpTests/Info.plist";
				LD_RUNPATH_SEARCH_PATHS = "$(inherited) @executable_path/Frameworks @loader_path/Frameworks";
				PRODUCT_BUNDLE_IDENTIFIER = "com.pk.Almofire-ExpTests";
				PRODUCT_NAME = "$(TARGET_NAME)";
				SWIFT_VERSION = 4.0;
				TARGETED_DEVICE_FAMILY = "1,2";
				TEST_HOST = "$(BUILT_PRODUCTS_DIR)/Almofire-Exp.app/Almofire-Exp";
			};
			name = Release;
		};
/* End XCBuildConfiguration section */

/* Begin XCConfigurationList section */
		8F8D037620BBEE9900D37FE4 /* Build configuration list for PBXProject "Almofire-Exp" */ = {
			isa = XCConfigurationList;
			buildConfigurations = (
				8F8D039620BBEE9900D37FE4 /* Debug */,
				8F8D039720BBEE9900D37FE4 /* Release */,
			);
			defaultConfigurationIsVisible = 0;
			defaultConfigurationName = Release;
		};
		8F8D039820BBEE9900D37FE4 /* Build configuration list for PBXNativeTarget "Almofire-Exp" */ = {
			isa = XCConfigurationList;
			buildConfigurations = (
				8F8D039920BBEE9900D37FE4 /* Debug */,
				8F8D039A20BBEE9900D37FE4 /* Release */,
			);
			defaultConfigurationIsVisible = 0;
			defaultConfigurationName = Release;
		};
		8F8D039B20BBEE9900D37FE4 /* Build configuration list for PBXNativeTarget "Almofire-ExpTests" */ = {
			isa = XCConfigurationList;
			buildConfigurations = (
				8F8D039C20BBEE9900D37FE4 /* Debug */,
				8F8D039D20BBEE9900D37FE4 /* Release */,
			);
			defaultConfigurationIsVisible = 0;
			defaultConfigurationName = Release;
		};
/* End XCConfigurationList section */
	};
	rootObject = 8F8D037320BBEE9900D37FE4 /* Project object */;
}
